
Microsoft Visual Studio Solution File, Format Version 12.00
# Visual Studio Version 17
VisualStudioVersion = 17.4.33205.214
MinimumVisualStudioVersion = 10.0.40219.1
Project("{9A19103F-16F7-4668-BE54-9A1E7A4F7556}") = "Client", "client\Client.csproj", "{C02B8D38-5DDE-439F-A1AA-C68C11753BD8}"
	ProjectSection(ProjectDependencies) = postProject
		{7E587EB6-A75A-4F13-8387-3D514753C1BC} = {7E587EB6-A75A-4F13-8387-3D514753C1BC}
	EndProjectSection
EndProject
Project("{9A19103F-16F7-4668-BE54-9A1E7A4F7556}") = "Server", "server\Server.csproj", "{A7B72112-5114-49A8-90FA-B7AD721B04EF}"
	ProjectSection(ProjectDependencies) = postProject
		{7E587EB6-A75A-4F13-8387-3D514753C1BC} = {7E587EB6-A75A-4F13-8387-3D514753C1BC}
	EndProjectSection
EndProject
Project("{9A19103F-16F7-4668-BE54-9A1E7A4F7556}") = "SourceGen", "sourcegen\SourceGen.csproj", "{7E587EB6-A75A-4F13-8387-3D514753C1BC}"
EndProject
Global
	GlobalSection(SolutionConfigurationPlatforms) = preSolution
		Debug|Any CPU = Debug|Any CPU
		Release|Any CPU = Release|Any CPU
	EndGlobalSection
	GlobalSection(ProjectConfigurationPlatforms) = postSolution
		{C02B8D38-5DDE-439F-A1AA-C68C11753BD8}.Debug|Any CPU.ActiveCfg = Debug|Any CPU
		{C02B8D38-5DDE-439F-A1AA-C68C11753BD8}.Debug|Any CPU.Build.0 = Debug|Any CPU
		{C02B8D38-5DDE-439F-A1AA-C68C11753BD8}.Release|Any CPU.ActiveCfg = Release|Any CPU
		{C02B8D38-5DDE-439F-A1AA-C68C11753BD8}.Release|Any CPU.Build.0 = Release|Any CPU
		{A7B72112-5114-49A8-90FA-B7AD721B04EF}.Debug|Any CPU.ActiveCfg = Debug|Any CPU
		{A7B72112-5114-49A8-90FA-B7AD721B04EF}.Debug|Any CPU.Build.0 = Debug|Any CPU
		{A7B72112-5114-49A8-90FA-B7AD721B04EF}.Release|Any CPU.ActiveCfg = Release|Any CPU
		{A7B72112-5114-49A8-90FA-B7AD721B04EF}.Release|Any CPU.Build.0 = Release|Any CPU
		{7E587EB6-A75A-4F13-8387-3D514753C1BC}.Debug|Any CPU.ActiveCfg = Debug|Any CPU
		{7E587EB6-A75A-4F13-8387-3D514753C1BC}.Debug|Any CPU.Build.0 = Debug|Any CPU
		{7E587EB6-A75A-4F13-8387-3D514753C1BC}.Release|Any CPU.ActiveCfg = Release|Any CPU
		{7E587EB6-A75A-4F13-8387-3D514753C1BC}.Release|Any CPU.Build.0 = Release|Any CPU
	EndGlobalSection
	GlobalSection(SolutionProperties) = preSolution
		HideSolutionNode = FALSE
	EndGlobalSection
	GlobalSection(ExtensibilityGlobals) = postSolution
		SolutionGuid = {54877371-6C17-495A-9DD5-C34439892538}
	EndGlobalSection
EndGlobal
